
Microsoft Visual Studio Solution File, Format Version 12.00
# Visual Studio Version 17
VisualStudioVersion = 17.2.32519.379
MinimumVisualStudioVersion = 10.0.40219.1
Project("{2150E333-8FDC-42A3-9474-1A3956D46DE8}") = "Solution Items", "Solution Items", "{1D1F1AED-15AB-4678-9132-55CDF53FDBA5}"
	ProjectSection(SolutionItems) = preProject
		.editorconfig = .editorconfig
	EndProjectSection
EndProject
Project("{9A19103F-16F7-4668-BE54-9A1E7A4F7556}") = "Tetractic.Formats.PalmPdb", "Tetractic.Formats.PalmPdb\Tetractic.Formats.PalmPdb.csproj", "{6AFC560D-BB83-42EE-85E1-C06430E2C3E8}"
EndProject
Project("{9A19103F-16F7-4668-BE54-9A1E7A4F7556}") = "Tetractic.Formats.PalmPdb.Dump", "Tetractic.Formats.PalmPdb.Dump\Tetractic.Formats.PalmPdb.Dump.csproj", "{A5C9785F-6F4E-479A-A42F-F0C5A1F7F10B}"
EndProject
Project("{9A19103F-16F7-4668-BE54-9A1E7A4F7556}") = "Tetractic.Formats.PalmPdb.Tests", "Tetractic.Formats.PalmPdb.Tests\Tetractic.Formats.PalmPdb.Tests.csproj", "{7B8CD336-12FD-4C97-A039-363C8E67F175}"
EndProject
Global
	GlobalSection(SolutionConfigurationPlatforms) = preSolution
		Debug|Any CPU = Debug|Any CPU
		Release|Any CPU = Release|Any CPU
	EndGlobalSection
	GlobalSection(ProjectConfigurationPlatforms) = postSolution
		{6AFC560D-BB83-42EE-85E1-C06430E2C3E8}.Debug|Any CPU.ActiveCfg = Debug|Any CPU
		{6AFC560D-BB83-42EE-85E1-C06430E2C3E8}.Debug|Any CPU.Build.0 = Debug|Any CPU
		{6AFC560D-BB83-42EE-85E1-C06430E2C3E8}.Release|Any CPU.ActiveCfg = Release|Any CPU
		{6AFC560D-BB83-42EE-85E1-C06430E2C3E8}.Release|Any CPU.Build.0 = Release|Any CPU
		{A5C9785F-6F4E-479A-A42F-F0C5A1F7F10B}.Debug|Any CPU.ActiveCfg = Debug|Any CPU
		{A5C9785F-6F4E-479A-A42F-F0C5A1F7F10B}.Debug|Any CPU.Build.0 = Debug|Any CPU
		{A5C9785F-6F4E-479A-A42F-F0C5A1F7F10B}.Release|Any CPU.ActiveCfg = Release|Any CPU
		{A5C9785F-6F4E-479A-A42F-F0C5A1F7F10B}.Release|Any CPU.Build.0 = Release|Any CPU
		{7B8CD336-12FD-4C97-A039-363C8E67F175}.Debug|Any CPU.ActiveCfg = Debug|Any CPU
		{7B8CD336-12FD-4C97-A039-363C8E67F175}.Debug|Any CPU.Build.0 = Debug|Any CPU
		{7B8CD336-12FD-4C97-A039-363C8E67F175}.Release|Any CPU.ActiveCfg = Release|Any CPU
		{7B8CD336-12FD-4C97-A039-363C8E67F175}.Release|Any CPU.Build.0 = Release|Any CPU
	EndGlobalSection
	GlobalSection(SolutionProperties) = preSolution
		HideSolutionNode = FALSE
	EndGlobalSection
	GlobalSection(ExtensibilityGlobals) = postSolution
		SolutionGuid = {E94838E2-51B8-467A-AAD3-EBC23B08B227}
	EndGlobalSection
EndGlobal
